
Microsoft Visual Studio Solution File, Format Version 12.00
# Visual Studio Version 17
VisualStudioVersion = 17.0.31903.59
MinimumVisualStudioVersion = 10.0.40219.1
Project("{2150E333-8FDC-42A3-9474-1A3956D46DE8}") = "src", "src", "{C88224AA-3F7B-4E49-A829-57D31EA131C4}"
EndProject
Project("{FAE04EC0-301F-11D3-BF4B-00C04F79EFBC}") = "PcStatsReporterBackend.LibreHardware", "src\PcStatsReporterBackend.LibreHardware\PcStatsReporterBackend.LibreHardware.csproj", "{FA86B114-9FB5-4188-A692-85DA66861778}"
EndProject
Project("{2150E333-8FDC-42A3-9474-1A3956D46DE8}") = "tests", "tests", "{BC68455D-BA3E-4DAF-A431-AC3D4C4BF54F}"
EndProject
Project("{FAE04EC0-301F-11D3-BF4B-00C04F79EFBC}") = "PcStatsReporterBackend.Core.Unit.Tests", "tests\PcStatsReporterBackend.Core.Unit.Tests\PcStatsReporterBackend.Core.Unit.Tests.csproj", "{6F009E25-814B-4D36-94C2-409B2D8E9C8A}"
EndProject
Project("{FAE04EC0-301F-11D3-BF4B-00C04F79EFBC}") = "PcStatsReporterBackend.AspNet", "src\PcStatsReporterBackend.AspNet\PcStatsReporterBackend.AspNet.csproj", "{7F56EC37-DF03-4D9E-B9E0-F60BCED0426D}"
EndProject
Project("{FAE04EC0-301F-11D3-BF4B-00C04F79EFBC}") = "PcStatsReporterBackend.Contracts", "src\PcStatsReporterBackend.Contracts\PcStatsReporterBackend.Contracts.csproj", "{F76C6E64-D326-4442-8D70-ED3600186EC7}"
EndProject
Project("{FAE04EC0-301F-11D3-BF4B-00C04F79EFBC}") = "PcStatsReporterBackend.AspNet.Integration.Tests", "tests\PcStatsReporterBackend.AspNet.Integration.Tests\PcStatsReporterBackend.AspNet.Integration.Tests.csproj", "{30C78184-5D65-4D67-A54C-7DC02A84D842}"
EndProject
Project("{FAE04EC0-301F-11D3-BF4B-00C04F79EFBC}") = "PcStatsReporterBackend.Reporter", "src\PcStatsReporterBackend.Reporter\PcStatsReporterBackend.Reporter.csproj", "{F8F3CAD2-184F-489B-B59B-CA42ACDAE8C3}"
EndProject
Project("{FAE04EC0-301F-11D3-BF4B-00C04F79EFBC}") = "PcStatsReporterBackend.Core", "src\PcStatsReporterBackend.Core\PcStatsReporterBackend.Core.csproj", "{68AA4FAA-9635-42D2-97EB-BA176A87198A}"
EndProject
Global
	GlobalSection(SolutionConfigurationPlatforms) = preSolution
		Debug|Any CPU = Debug|Any CPU
		Release|Any CPU = Release|Any CPU
	EndGlobalSection
	GlobalSection(SolutionProperties) = preSolution
		HideSolutionNode = FALSE
	EndGlobalSection
	GlobalSection(ProjectConfigurationPlatforms) = postSolution
		{FA86B114-9FB5-4188-A692-85DA66861778}.Debug|Any CPU.ActiveCfg = Debug|Any CPU
		{FA86B114-9FB5-4188-A692-85DA66861778}.Debug|Any CPU.Build.0 = Debug|Any CPU
		{FA86B114-9FB5-4188-A692-85DA66861778}.Release|Any CPU.ActiveCfg = Release|Any CPU
		{FA86B114-9FB5-4188-A692-85DA66861778}.Release|Any CPU.Build.0 = Release|Any CPU
		{6F009E25-814B-4D36-94C2-409B2D8E9C8A}.Debug|Any CPU.ActiveCfg = Debug|Any CPU
		{6F009E25-814B-4D36-94C2-409B2D8E9C8A}.Debug|Any CPU.Build.0 = Debug|Any CPU
		{6F009E25-814B-4D36-94C2-409B2D8E9C8A}.Release|Any CPU.ActiveCfg = Release|Any CPU
		{6F009E25-814B-4D36-94C2-409B2D8E9C8A}.Release|Any CPU.Build.0 = Release|Any CPU
		{7F56EC37-DF03-4D9E-B9E0-F60BCED0426D}.Debug|Any CPU.ActiveCfg = Debug|Any CPU
		{7F56EC37-DF03-4D9E-B9E0-F60BCED0426D}.Debug|Any CPU.Build.0 = Debug|Any CPU
		{7F56EC37-DF03-4D9E-B9E0-F60BCED0426D}.Release|Any CPU.ActiveCfg = Release|Any CPU
		{7F56EC37-DF03-4D9E-B9E0-F60BCED0426D}.Release|Any CPU.Build.0 = Release|Any CPU
		{F76C6E64-D326-4442-8D70-ED3600186EC7}.Debug|Any CPU.ActiveCfg = Debug|Any CPU
		{F76C6E64-D326-4442-8D70-ED3600186EC7}.Debug|Any CPU.Build.0 = Debug|Any CPU
		{F76C6E64-D326-4442-8D70-ED3600186EC7}.Release|Any CPU.ActiveCfg = Release|Any CPU
		{F76C6E64-D326-4442-8D70-ED3600186EC7}.Release|Any CPU.Build.0 = Release|Any CPU
		{30C78184-5D65-4D67-A54C-7DC02A84D842}.Debug|Any CPU.ActiveCfg = Debug|Any CPU
		{30C78184-5D65-4D67-A54C-7DC02A84D842}.Debug|Any CPU.Build.0 = Debug|Any CPU
		{30C78184-5D65-4D67-A54C-7DC02A84D842}.Release|Any CPU.ActiveCfg = Release|Any CPU
		{30C78184-5D65-4D67-A54C-7DC02A84D842}.Release|Any CPU.Build.0 = Release|Any CPU
		{F8F3CAD2-184F-489B-B59B-CA42ACDAE8C3}.Debug|Any CPU.ActiveCfg = Debug|Any CPU
		{F8F3CAD2-184F-489B-B59B-CA42ACDAE8C3}.Debug|Any CPU.Build.0 = Debug|Any CPU
		{F8F3CAD2-184F-489B-B59B-CA42ACDAE8C3}.Release|Any CPU.ActiveCfg = Release|Any CPU
		{F8F3CAD2-184F-489B-B59B-CA42ACDAE8C3}.Release|Any CPU.Build.0 = Release|Any CPU
		{68AA4FAA-9635-42D2-97EB-BA176A87198A}.Debug|Any CPU.ActiveCfg = Debug|Any CPU
		{68AA4FAA-9635-42D2-97EB-BA176A87198A}.Debug|Any CPU.Build.0 = Debug|Any CPU
		{68AA4FAA-9635-42D2-97EB-BA176A87198A}.Release|Any CPU.ActiveCfg = Release|Any CPU
		{68AA4FAA-9635-42D2-97EB-BA176A87198A}.Release|Any CPU.Build.0 = Release|Any CPU
	EndGlobalSection
	GlobalSection(NestedProjects) = preSolution
		{FA86B114-9FB5-4188-A692-85DA66861778} = {C88224AA-3F7B-4E49-A829-57D31EA131C4}
		{6F009E25-814B-4D36-94C2-409B2D8E9C8A} = {BC68455D-BA3E-4DAF-A431-AC3D4C4BF54F}
		{7F56EC37-DF03-4D9E-B9E0-F60BCED0426D} = {C88224AA-3F7B-4E49-A829-57D31EA131C4}
		{F76C6E64-D326-4442-8D70-ED3600186EC7} = {C88224AA-3F7B-4E49-A829-57D31EA131C4}
		{30C78184-5D65-4D67-A54C-7DC02A84D842} = {BC68455D-BA3E-4DAF-A431-AC3D4C4BF54F}
		{F8F3CAD2-184F-489B-B59B-CA42ACDAE8C3} = {C88224AA-3F7B-4E49-A829-57D31EA131C4}
		{68AA4FAA-9635-42D2-97EB-BA176A87198A} = {C88224AA-3F7B-4E49-A829-57D31EA131C4}
	EndGlobalSection
EndGlobal
